
Microsoft Visual Studio Solution File, Format Version 12.00
# Visual Studio Version 17
VisualStudioVersion = 17.13.35818.85 d17.13
MinimumVisualStudioVersion = 10.0.40219.1
Project("{FAE04EC0-301F-11D3-BF4B-00C04F79EFBC}") = "MOD5_1302204032_KPL", "MOD5_1302204032_KPL\MOD5_1302204032_KPL.csproj", "{525CA47A-69EC-45B2-A1B8-3C7527241C67}"
EndProject
Global
	GlobalSection(SolutionConfigurationPlatforms) = preSolution
		Debug|Any CPU = Debug|Any CPU
		Release|Any CPU = Release|Any CPU
	EndGlobalSection
	GlobalSection(ProjectConfigurationPlatforms) = postSolution
		{525CA47A-69EC-45B2-A1B8-3C7527241C67}.Debug|Any CPU.ActiveCfg = Debug|Any CPU
		{525CA47A-69EC-45B2-A1B8-3C7527241C67}.Debug|Any CPU.Build.0 = Debug|Any CPU
		{525CA47A-69EC-45B2-A1B8-3C7527241C67}.Release|Any CPU.ActiveCfg = Release|Any CPU
		{525CA47A-69EC-45B2-A1B8-3C7527241C67}.Release|Any CPU.Build.0 = Release|Any CPU
	EndGlobalSection
	GlobalSection(SolutionProperties) = preSolution
		HideSolutionNode = FALSE
	EndGlobalSection
	GlobalSection(ExtensibilityGlobals) = postSolution
		SolutionGuid = {D3422A69-2024-4323-B8A2-4F384E9A8B54}
	EndGlobalSection
EndGlobal
